
Microsoft Visual Studio Solution File, Format Version 12.00
# Visual Studio Version 17
VisualStudioVersion = 17.9.34622.214
MinimumVisualStudioVersion = 10.0.40219.1
Project("{FAE04EC0-301F-11D3-BF4B-00C04F79EFBC}") = "TaskManagerApp", "TaskManagerApp\TaskManagerApp.csproj", "{D1B239C1-F468-44E9-AF82-1BB909B71D6C}"
EndProject
Global
	GlobalSection(SolutionConfigurationPlatforms) = preSolution
		Debug|Any CPU = Debug|Any CPU
		Release|Any CPU = Release|Any CPU
	EndGlobalSection
	GlobalSection(ProjectConfigurationPlatforms) = postSolution
		{D1B239C1-F468-44E9-AF82-1BB909B71D6C}.Debug|Any CPU.ActiveCfg = Debug|Any CPU
		{D1B239C1-F468-44E9-AF82-1BB909B71D6C}.Debug|Any CPU.Build.0 = Debug|Any CPU
		{D1B239C1-F468-44E9-AF82-1BB909B71D6C}.Release|Any CPU.ActiveCfg = Release|Any CPU
		{D1B239C1-F468-44E9-AF82-1BB909B71D6C}.Release|Any CPU.Build.0 = Release|Any CPU
	EndGlobalSection
	GlobalSection(SolutionProperties) = preSolution
		HideSolutionNode = FALSE
	EndGlobalSection
	GlobalSection(ExtensibilityGlobals) = postSolution
		SolutionGuid = {3269DFD7-174B-427D-8998-1FF87C6AA0E4}
	EndGlobalSection
EndGlobal
